// !$*UTF8*$!
{
	archiveVersion = 1;
	classes = {
	};
	objectVersion = 50;
	objects = {

/* Begin PBXBuildFile section */
		C521D7F4259B87A1007C0EF8 /* AppDelegate.swift in Sources */ = {isa = PBXBuildFile; fileRef = C521D7F3259B87A1007C0EF8 /* AppDelegate.swift */; };
		C521D7F6259B87A1007C0EF8 /* SceneDelegate.swift in Sources */ = {isa = PBXBuildFile; fileRef = C521D7F5259B87A1007C0EF8 /* SceneDelegate.swift */; };
		C521D7F8259B87A1007C0EF8 /* ViewController.swift in Sources */ = {isa = PBXBuildFile; fileRef = C521D7F7259B87A1007C0EF8 /* ViewController.swift */; };
		C521D7FB259B87A1007C0EF8 /* Main.storyboard in Resources */ = {isa = PBXBuildFile; fileRef = C521D7F9259B87A1007C0EF8 /* Main.storyboard */; };
		C521D7FD259B87A4007C0EF8 /* Assets.xcassets in Resources */ = {isa = PBXBuildFile; fileRef = C521D7FC259B87A4007C0EF8 /* Assets.xcassets */; };
		C521D800259B87A4007C0EF8 /* LaunchScreen.storyboard in Resources */ = {isa = PBXBuildFile; fileRef = C521D7FE259B87A4007C0EF8 /* LaunchScreen.storyboard */; };
		C5EEB92125A3D5A400C9C769 /* Ideear.framework in Frameworks */ = {isa = PBXBuildFile; fileRef = C5EEB91F25A3D59D00C9C769 /* Ideear.framework */; };
		C5EEB92225A3D5A400C9C769 /* Ideear.framework in Embed Frameworks */ = {isa = PBXBuildFile; fileRef = C5EEB91F25A3D59D00C9C769 /* Ideear.framework */; settings = {ATTRIBUTES = (CodeSignOnCopy, RemoveHeadersOnCopy, ); }; };
/* End PBXBuildFile section */

/* Begin PBXCopyFilesBuildPhase section */
		C521D80D259B87BA007C0EF8 /* Embed Frameworks */ = {
			isa = PBXCopyFilesBuildPhase;
			buildActionMask = 2147483647;
			dstPath = "";
			dstSubfolderSpec = 10;
			files = (
				C5EEB92225A3D5A400C9C769 /* Ideear.framework in Embed Frameworks */,
			);
			name = "Embed Frameworks";
			runOnlyForDeploymentPostprocessing = 0;
		};
/* End PBXCopyFilesBuildPhase section */

/* Begin PBXFileReference section */
		C521D7F0259B87A1007C0EF8 /* TestIdeearApp.app */ = {isa = PBXFileReference; explicitFileType = wrapper.application; includeInIndex = 0; path = TestIdeearApp.app; sourceTree = BUILT_PRODUCTS_DIR; };
		C521D7F3259B87A1007C0EF8 /* AppDelegate.swift */ = {isa = PBXFileReference; lastKnownFileType = sourcecode.swift; path = AppDelegate.swift; sourceTree = "<group>"; };
		C521D7F5259B87A1007C0EF8 /* SceneDelegate.swift */ = {isa = PBXFileReference; lastKnownFileType = sourcecode.swift; path = SceneDelegate.swift; sourceTree = "<group>"; };
		C521D7F7259B87A1007C0EF8 /* ViewController.swift */ = {isa = PBXFileReference; lastKnownFileType = sourcecode.swift; path = ViewController.swift; sourceTree = "<group>"; };
		C521D7FA259B87A1007C0EF8 /* Base */ = {isa = PBXFileReference; lastKnownFileType = file.storyboard; name = Base; path = Base.lproj/Main.storyboard; sourceTree = "<group>"; };
		C521D7FC259B87A4007C0EF8 /* Assets.xcassets */ = {isa = PBXFileReference; lastKnownFileType = folder.assetcatalog; path = Assets.xcassets; sourceTree = "<group>"; };
		C521D7FF259B87A4007C0EF8 /* Base */ = {isa = PBXFileReference; lastKnownFileType = file.storyboard; name = Base; path = Base.lproj/LaunchScreen.storyboard; sourceTree = "<group>"; };
		C521D801259B87A4007C0EF8 /* Info.plist */ = {isa = PBXFileReference; lastKnownFileType = text.plist.xml; path = Info.plist; sourceTree = "<group>"; };
		C5EEB91F25A3D59D00C9C769 /* Ideear.framework */ = {isa = PBXFileReference; lastKnownFileType = wrapper.framework; path = Ideear.framework; sourceTree = "<group>"; };
/* End PBXFileReference section */

/* Begin PBXFrameworksBuildPhase section */
		C521D7ED259B87A1007C0EF8 /* Frameworks */ = {
			isa = PBXFrameworksBuildPhase;
			buildActionMask = 2147483647;
			files = (
				C5EEB92125A3D5A400C9C769 /* Ideear.framework in Frameworks */,
			);
			runOnlyForDeploymentPostprocessing = 0;
		};
/* End PBXFrameworksBuildPhase section */

/* Begin PBXGroup section */
		C521D7E7259B87A1007C0EF8 = {
			isa = PBXGroup;
			children = (
				C521D7F2259B87A1007C0EF8 /* TestIdeearApp */,
				C521D7F1259B87A1007C0EF8 /* Products */,
			);
			sourceTree = "<group>";
		};
		C521D7F1259B87A1007C0EF8 /* Products */ = {
			isa = PBXGroup;
			children = (
				C521D7F0259B87A1007C0EF8 /* TestIdeearApp.app */,
			);
			name = Products;
			sourceTree = "<group>";
		};
		C521D7F2259B87A1007C0EF8 /* TestIdeearApp */ = {
			isa = PBXGroup;
			children = (
				C5EEB91F25A3D59D00C9C769 /* Ideear.framework */,
				C521D7F3259B87A1007C0EF8 /* AppDelegate.swift */,
				C521D7F5259B87A1007C0EF8 /* SceneDelegate.swift */,
				C521D7F7259B87A1007C0EF8 /* ViewController.swift */,
				C521D7F9259B87A1007C0EF8 /* Main.storyboard */,
				C521D7FC259B87A4007C0EF8 /* Assets.xcassets */,
				C521D7FE259B87A4007C0EF8 /* LaunchScreen.storyboard */,
				C521D801259B87A4007C0EF8 /* Info.plist */,
			);
			path = TestIdeearApp;
			sourceTree = "<group>";
		};
/* End PBXGroup section */

/* Begin PBXNativeTarget section */
		C521D7EF259B87A1007C0EF8 /* TestIdeearApp */ = {
			isa = PBXNativeTarget;
			buildConfigurationList = C521D804259B87A4007C0EF8 /* Build configuration list for PBXNativeTarget "TestIdeearApp" */;
			buildPhases = (
				C521D7EC259B87A1007C0EF8 /* Sources */,
				C521D7ED259B87A1007C0EF8 /* Frameworks */,
				C521D7EE259B87A1007C0EF8 /* Resources */,
				C521D80D259B87BA007C0EF8 /* Embed Frameworks */,
			);
			buildRules = (
			);
			dependencies = (
			);
			name = TestIdeearApp;
			productName = TestIdeearApp;
			productReference = C521D7F0259B87A1007C0EF8 /* TestIdeearApp.app */;
			productType = "com.apple.product-type.application";
		};
/* End PBXNativeTarget section */

/* Begin PBXProject section */
		C521D7E8259B87A1007C0EF8 /* Project object */ = {
			isa = PBXProject;
			attributes = {
				LastSwiftUpdateCheck = 1230;
				LastUpgradeCheck = 1230;
				TargetAttributes = {
					C521D7EF259B87A1007C0EF8 = {
						CreatedOnToolsVersion = 12.3;
					};
				};
			};
			buildConfigurationList = C521D7EB259B87A1007C0EF8 /* Build configuration list for PBXProject "TestIdeearApp" */;
			compatibilityVersion = "Xcode 9.3";
			developmentRegion = en;
			hasScannedForEncodings = 0;
			knownRegions = (
				en,
				Base,
			);
			mainGroup = C521D7E7259B87A1007C0EF8;
			productRefGroup = C521D7F1259B87A1007C0EF8 /* Products */;
			projectDirPath = "";
			projectRoot = "";
			targets = (
				C521D7EF259B87A1007C0EF8 /* TestIdeearApp */,
			);
		};
/* End PBXProject section */

/* Begin PBXResourcesBuildPhase section */
		C521D7EE259B87A1007C0EF8 /* Resources */ = {
			isa = PBXResourcesBuildPhase;
			buildActionMask = 2147483647;
			files = (
				C521D800259B87A4007C0EF8 /* LaunchScreen.storyboard in Resources */,
				C521D7FD259B87A4007C0EF8 /* Assets.xcassets in Resources */,
				C521D7FB259B87A1007C0EF8 /* Main.storyboard in Resources */,
			);
			runOnlyForDeploymentPostprocessing = 0;
		};
/* End PBXResourcesBuildPhase section */

/* Begin PBXSourcesBuildPhase section */
		C521D7EC259B87A1007C0EF8 /* Sources */ = {
			isa = PBXSourcesBuildPhase;
			buildActionMask = 2147483647;
			files = (
				C521D7F8259B87A1007C0EF8 /* ViewController.swift in Sources */,
				C521D7F4259B87A1007C0EF8 /* AppDelegate.swift in Sources */,
				C521D7F6259B87A1007C0EF8 /* SceneDelegate.swift in Sources */,
			);
			runOnlyForDeploymentPostprocessing = 0;
		};
/* End PBXSourcesBuildPhase section */

/* Begin PBXVariantGroup section */
		C521D7F9259B87A1007C0EF8 /* Main.storyboard */ = {
			isa = PBXVariantGroup;
			children = (
				C521D7FA259B87A1007C0EF8 /* Base */,
			);
			name = Main.storyboard;
			sourceTree = "<group>";
		};
		C521D7FE259B87A4007C0EF8 /* LaunchScreen.storyboard */ = {
			isa = PBXVariantGroup;
			children = (
				C521D7FF259B87A4007C0EF8 /* Base */,
			);
			name = LaunchScreen.storyboard;
			sourceTree = "<group>";
		};
/* End PBXVariantGroup section */

/* Begin XCBuildConfiguration section */
		C521D802259B87A4007C0EF8 /* Debug */ = {
			isa = XCBuildConfiguration;
			buildSettings = {
				ALWAYS_SEARCH_USER_PATHS = NO;
				CLANG_ANALYZER_NONNULL = YES;
				CLANG_ANALYZER_NUMBER_OBJECT_CONVERSION = YES_AGGRESSIVE;
				CLANG_CXX_LANGUAGE_STANDARD = "gnu++14";
				CLANG_CXX_LIBRARY = "libc++";
				CLANG_ENABLE_MODULES = YES;
				CLANG_ENABLE_OBJC_ARC = YES;
				CLANG_ENABLE_OBJC_WEAK = YES;
				CLANG_WARN_BLOCK_CAPTURE_AUTORELEASING = YES;
				CLANG_WARN_BOOL_CONVERSION = YES;
				CLANG_WARN_COMMA = YES;
				CLANG_WARN_CONSTANT_CONVERSION = YES;
				CLANG_WARN_DEPRECATED_OBJC_IMPLEMENTATIONS = YES;
				CLANG_WARN_DIRECT_OBJC_ISA_USAGE = YES_ERROR;
				CLANG_WARN_DOCUMENTATION_COMMENTS = YES;
				CLANG_WARN_EMPTY_BODY = YES;
				CLANG_WARN_ENUM_CONVERSION = YES;
				CLANG_WARN_INFINITE_RECURSION = YES;
				CLANG_WARN_INT_CONVERSION = YES;
				CLANG_WARN_NON_LITERAL_NULL_CONVERSION = YES;
				CLANG_WARN_OBJC_IMPLICIT_RETAIN_SELF = YES;
				CLANG_WARN_OBJC_LITERAL_CONVERSION = YES;
				CLANG_WARN_OBJC_ROOT_CLASS = YES_ERROR;
				CLANG_WARN_QUOTED_INCLUDE_IN_FRAMEWORK_HEADER = YES;
				CLANG_WARN_RANGE_LOOP_ANALYSIS = YES;
				CLANG_WARN_STRICT_PROTOTYPES = YES;
				CLANG_WARN_SUSPICIOUS_MOVE = YES;
				CLANG_WARN_UNGUARDED_AVAILABILITY = YES_AGGRESSIVE;
				CLANG_WARN_UNREACHABLE_CODE = YES;
				CLANG_WARN__DUPLICATE_METHOD_MATCH = YES;
				COPY_PHASE_STRIP = NO;
				DEBUG_INFORMATION_FORMAT = dwarf;
				ENABLE_STRICT_OBJC_MSGSEND = YES;
				ENABLE_TESTABILITY = YES;
				GCC_C_LANGUAGE_STANDARD = gnu11;
				GCC_DYNAMIC_NO_PIC = NO;
				GCC_NO_COMMON_BLOCKS = YES;
				GCC_OPTIMIZATION_LEVEL = 0;
				GCC_PREPROCESSOR_DEFINITIONS = (
					"DEBUG=1",
					"$(inherited)",
				);
				GCC_WARN_64_TO_32_BIT_CONVERSION = YES;
				GCC_WARN_ABOUT_RETURN_TYPE = YES_ERROR;
				GCC_WARN_UNDECLARED_SELECTOR = YES;
				GCC_WARN_UNINITIALIZED_AUTOS = YES_AGGRESSIVE;
				GCC_WARN_UNUSED_FUNCTION = YES;
				GCC_WARN_UNUSED_VARIABLE = YES;
				IPHONEOS_DEPLOYMENT_TARGET = 13.0;
				MTL_ENABLE_DEBUG_INFO = INCLUDE_SOURCE;
				MTL_FAST_MATH = YES;
				ONLY_ACTIVE_ARCH = YES;
				SDKROOT = iphoneos;
				SWIFT_ACTIVE_COMPILATION_CONDITIONS = DEBUG;
				SWIFT_OPTIMIZATION_LEVEL = "-Onone";
			};
			name = Debug;
		};
		C521D803259B87A4007C0EF8 /* Release */ = {
			isa = XCBuildConfiguration;
			buildSettings = {
				ALWAYS_SEARCH_USER_PATHS = NO;
				CLANG_ANALYZER_NONNULL = YES;
				CLANG_ANALYZER_NUMBER_OBJECT_CONVERSION = YES_AGGRESSIVE;
				CLANG_CXX_LANGUAGE_STANDARD = "gnu++14";
				CLANG_CXX_LIBRARY = "libc++";
				CLANG_ENABLE_MODULES = YES;
				CLANG_ENABLE_OBJC_ARC = YES;
				CLANG_ENABLE_OBJC_WEAK = YES;
				CLANG_WARN_BLOCK_CAPTURE_AUTORELEASING = YES;
				CLANG_WARN_BOOL_CONVERSION = YES;
				CLANG_WARN_COMMA = YES;
				CLANG_WARN_CONSTANT_CONVERSION = YES;
				CLANG_WARN_DEPRECATED_OBJC_IMPLEMENTATIONS = YES;
				CLANG_WARN_DIRECT_OBJC_ISA_USAGE = YES_ERROR;
				CLANG_WARN_DOCUMENTATION_COMMENTS = YES;
				CLANG_WARN_EMPTY_BODY = YES;
				CLANG_WARN_ENUM_CONVERSION = YES;
				CLANG_WARN_INFINITE_RECURSION = YES;
				CLANG_WARN_INT_CONVERSION = YES;
				CLANG_WARN_NON_LITERAL_NULL_CONVERSION = YES;
				CLANG_WARN_OBJC_IMPLICIT_RETAIN_SELF = YES;
				CLANG_WARN_OBJC_LITERAL_CONVERSION = YES;
				CLANG_WARN_OBJC_ROOT_CLASS = YES_ERROR;
				CLANG_WARN_QUOTED_INCLUDE_IN_FRAMEWORK_HEADER = YES;
				CLANG_WARN_RANGE_LOOP_ANALYSIS = YES;
				CLANG_WARN_STRICT_PROTOTYPES = YES;
				CLANG_WARN_SUSPICIOUS_MOVE = YES;
				CLANG_WARN_UNGUARDED_AVAILABILITY = YES_AGGRESSIVE;
				CLANG_WARN_UNREACHABLE_CODE = YES;
				CLANG_WARN__DUPLICATE_METHOD_MATCH = YES;
				COPY_PHASE_STRIP = NO;
				DEBUG_INFORMATION_FORMAT = "dwarf-with-dsym";
				ENABLE_NS_ASSERTIONS = NO;
				ENABLE_STRICT_OBJC_MSGSEND = YES;
				GCC_C_LANGUAGE_STANDARD = gnu11;
				GCC_NO_COMMON_BLOCKS = YES;
				GCC_WARN_64_TO_32_BIT_CONVERSION = YES;
				GCC_WARN_ABOUT_RETURN_TYPE = YES_ERROR;
				GCC_WARN_UNDECLARED_SELECTOR = YES;
				GCC_WARN_UNINITIALIZED_AUTOS = YES_AGGRESSIVE;
				GCC_WARN_UNUSED_FUNCTION = YES;
				GCC_WARN_UNUSED_VARIABLE = YES;
				IPHONEOS_DEPLOYMENT_TARGET = 13.0;
				MTL_ENABLE_DEBUG_INFO = NO;
				MTL_FAST_MATH = YES;
				SDKROOT = iphoneos;
				SWIFT_COMPILATION_MODE = wholemodule;
				SWIFT_OPTIMIZATION_LEVEL = "-O";
				VALIDATE_PRODUCT = YES;
			};
			name = Release;
		};
		C521D805259B87A4007C0EF8 /* Debug */ = {
			isa = XCBuildConfiguration;
			buildSettings = {
				ASSETCATALOG_COMPILER_APPICON_NAME = AppIcon;
				ASSETCATALOG_COMPILER_GLOBAL_ACCENT_COLOR_NAME = AccentColor;
				CODE_SIGN_STYLE = Automatic;
				DEVELOPMENT_TEAM = W6LS28CRNQ;
				FRAMEWORK_SEARCH_PATHS = (
					"$(inherited)",
					"$(PROJECT_DIR)/TestIdeearApp",
					"$(PROJECT_DIR)",
				);
				INFOPLIST_FILE = TestIdeearApp/Info.plist;
				IPHONEOS_DEPLOYMENT_TARGET = 12.4;
				LD_RUNPATH_SEARCH_PATHS = (
					"$(inherited)",
					"@executable_path/Frameworks",
				);
				PRODUCT_BUNDLE_IDENTIFIER = com.ideeolabs.generica;
				PRODUCT_NAME = "$(TARGET_NAME)";
				SWIFT_VERSION = 5.0;
				TARGETED_DEVICE_FAMILY = 1;
			};
			name = Debug;
		};
		C521D806259B87A4007C0EF8 /* Release */ = {
			isa = XCBuildConfiguration;
			buildSettings = {
				ASSETCATALOG_COMPILER_APPICON_NAME = AppIcon;
				ASSETCATALOG_COMPILER_GLOBAL_ACCENT_COLOR_NAME = AccentColor;
				CODE_SIGN_STYLE = Automatic;
				DEVELOPMENT_TEAM = W6LS28CRNQ;
				FRAMEWORK_SEARCH_PATHS = (
					"$(inherited)",
					"$(PROJECT_DIR)/TestIdeearApp",
					"$(PROJECT_DIR)",
				);
				INFOPLIST_FILE = TestIdeearApp/Info.plist;
				IPHONEOS_DEPLOYMENT_TARGET = 12.4;
				LD_RUNPATH_SEARCH_PATHS = (
					"$(inherited)",
					"@executable_path/Frameworks",
				);
				PRODUCT_BUNDLE_IDENTIFIER = com.ideeolabs.generica;
				PRODUCT_NAME = "$(TARGET_NAME)";
				SWIFT_VERSION = 5.0;
				TARGETED_DEVICE_FAMILY = 1;
			};
			name = Release;
		};
/* End XCBuildConfiguration section */

/* Begin XCConfigurationList section */
		C521D7EB259B87A1007C0EF8 /* Build configuration list for PBXProject "TestIdeearApp" */ = {
			isa = XCConfigurationList;
			buildConfigurations = (
				C521D802259B87A4007C0EF8 /* Debug */,
				C521D803259B87A4007C0EF8 /* Release */,
			);
			defaultConfigurationIsVisible = 0;
			defaultConfigurationName = Release;
		};
		C521D804259B87A4007C0EF8 /* Build configuration list for PBXNativeTarget "TestIdeearApp" */ = {
			isa = XCConfigurationList;
			buildConfigurations = (
				C521D805259B87A4007C0EF8 /* Debug */,
				C521D806259B87A4007C0EF8 /* Release */,
			);
			defaultConfigurationIsVisible = 0;
			defaultConfigurationName = Release;
		};
/* End XCConfigurationList section */
	};
	rootObject = C521D7E8259B87A1007C0EF8 /* Project object */;
}
